
Microsoft Visual Studio Solution File, Format Version 12.00
# Visual Studio Version 17
VisualStudioVersion = 17.0.32014.148
MinimumVisualStudioVersion = 10.0.40219.1
Project("{FAE04EC0-301F-11D3-BF4B-00C04F79EFBC}") = "VariableApp", "VariableApp\VariableApp.csproj", "{9CBAA08D-4A0B-4162-8D6A-611F69BD1343}"
EndProject
Global
	GlobalSection(SolutionConfigurationPlatforms) = preSolution
		Debug|Any CPU = Debug|Any CPU
		Release|Any CPU = Release|Any CPU
	EndGlobalSection
	GlobalSection(ProjectConfigurationPlatforms) = postSolution
		{9CBAA08D-4A0B-4162-8D6A-611F69BD1343}.Debug|Any CPU.ActiveCfg = Debug|Any CPU
		{9CBAA08D-4A0B-4162-8D6A-611F69BD1343}.Debug|Any CPU.Build.0 = Debug|Any CPU
		{9CBAA08D-4A0B-4162-8D6A-611F69BD1343}.Release|Any CPU.ActiveCfg = Release|Any CPU
		{9CBAA08D-4A0B-4162-8D6A-611F69BD1343}.Release|Any CPU.Build.0 = Release|Any CPU
	EndGlobalSection
	GlobalSection(SolutionProperties) = preSolution
		HideSolutionNode = FALSE
	EndGlobalSection
	GlobalSection(ExtensibilityGlobals) = postSolution
		SolutionGuid = {B4B3D20C-75ED-44A9-B890-491DB4B21936}
	EndGlobalSection
EndGlobal
